
Microsoft Visual Studio Solution File, Format Version 12.00
# Visual Studio 15
VisualStudioVersion = 15.0.27004.2008
MinimumVisualStudioVersion = 10.0.40219.1
Project("{9A19103F-16F7-4668-BE54-9A1E7A4F7556}") = "WebApplicationTextFileDemoApp", "WebApplicationTextFileDemoApp\WebApplicationTextFileDemoApp.csproj", "{9DBBF452-2C96-4367-BF5B-63052497B1BA}"
EndProject
Project("{9A19103F-16F7-4668-BE54-9A1E7A4F7556}") = "DbCoreLibrary", "DbCoreLibrary\DbCoreLibrary.csproj", "{89E0E414-8EE4-4F20-928A-8145FF8219BE}"
EndProject
Project("{FAE04EC0-301F-11D3-BF4B-00C04F79EFBC}") = "FileClassLibrary", "FileClassLibrary\FileClassLibrary.csproj", "{FC0A6020-48CD-4827-B879-118017BB8A92}"
EndProject
Project("{FAE04EC0-301F-11D3-BF4B-00C04F79EFBC}") = "TextFileDemoApp", "TextFileDemoApp\TextFileDemoApp.csproj", "{508B0AAA-D411-4D4B-98AA-CD10E0374F42}"
EndProject
Global
	GlobalSection(SolutionConfigurationPlatforms) = preSolution
		Debug|Any CPU = Debug|Any CPU
		Release|Any CPU = Release|Any CPU
	EndGlobalSection
	GlobalSection(ProjectConfigurationPlatforms) = postSolution
		{9DBBF452-2C96-4367-BF5B-63052497B1BA}.Debug|Any CPU.ActiveCfg = Debug|Any CPU
		{9DBBF452-2C96-4367-BF5B-63052497B1BA}.Debug|Any CPU.Build.0 = Debug|Any CPU
		{9DBBF452-2C96-4367-BF5B-63052497B1BA}.Release|Any CPU.ActiveCfg = Release|Any CPU
		{9DBBF452-2C96-4367-BF5B-63052497B1BA}.Release|Any CPU.Build.0 = Release|Any CPU
		{89E0E414-8EE4-4F20-928A-8145FF8219BE}.Debug|Any CPU.ActiveCfg = Debug|Any CPU
		{89E0E414-8EE4-4F20-928A-8145FF8219BE}.Debug|Any CPU.Build.0 = Debug|Any CPU
		{89E0E414-8EE4-4F20-928A-8145FF8219BE}.Release|Any CPU.ActiveCfg = Release|Any CPU
		{89E0E414-8EE4-4F20-928A-8145FF8219BE}.Release|Any CPU.Build.0 = Release|Any CPU
		{FC0A6020-48CD-4827-B879-118017BB8A92}.Debug|Any CPU.ActiveCfg = Debug|Any CPU
		{FC0A6020-48CD-4827-B879-118017BB8A92}.Debug|Any CPU.Build.0 = Debug|Any CPU
		{FC0A6020-48CD-4827-B879-118017BB8A92}.Release|Any CPU.ActiveCfg = Release|Any CPU
		{FC0A6020-48CD-4827-B879-118017BB8A92}.Release|Any CPU.Build.0 = Release|Any CPU
		{508B0AAA-D411-4D4B-98AA-CD10E0374F42}.Debug|Any CPU.ActiveCfg = Debug|Any CPU
		{508B0AAA-D411-4D4B-98AA-CD10E0374F42}.Debug|Any CPU.Build.0 = Debug|Any CPU
		{508B0AAA-D411-4D4B-98AA-CD10E0374F42}.Release|Any CPU.ActiveCfg = Release|Any CPU
		{508B0AAA-D411-4D4B-98AA-CD10E0374F42}.Release|Any CPU.Build.0 = Release|Any CPU
	EndGlobalSection
	GlobalSection(SolutionProperties) = preSolution
		HideSolutionNode = FALSE
	EndGlobalSection
	GlobalSection(ExtensibilityGlobals) = postSolution
		SolutionGuid = {4AE7FDF0-90B5-4218-9580-28907ACA7EBE}
	EndGlobalSection
EndGlobal
